
Microsoft Visual Studio Solution File, Format Version 12.00
# Visual Studio Version 17
VisualStudioVersion = 17.8.34322.80
MinimumVisualStudioVersion = 10.0.40219.1
Project("{9A19103F-16F7-4668-BE54-9A1E7A4F7556}") = "MyImdb.Web", "MyImdb.Web\MyImdb.Web.csproj", "{D436E97B-19C6-4B16-91B4-10435013CD22}"
EndProject
Project("{9A19103F-16F7-4668-BE54-9A1E7A4F7556}") = "MyImdb.DAL", "MyImdb.DAL\MyImdb.DAL.csproj", "{C7368234-8B60-4D59-9F22-F776163329C3}"
EndProject
Project("{FAE04EC0-301F-11D3-BF4B-00C04F79EFBC}") = "MyImdb.Business", "MyImdb.Business\MyImdb.Business.csproj", "{44A056FC-0995-468F-930B-3A82725BC174}"
EndProject
Global
	GlobalSection(SolutionConfigurationPlatforms) = preSolution
		Debug|Any CPU = Debug|Any CPU
		Release|Any CPU = Release|Any CPU
	EndGlobalSection
	GlobalSection(ProjectConfigurationPlatforms) = postSolution
		{D436E97B-19C6-4B16-91B4-10435013CD22}.Debug|Any CPU.ActiveCfg = Debug|Any CPU
		{D436E97B-19C6-4B16-91B4-10435013CD22}.Debug|Any CPU.Build.0 = Debug|Any CPU
		{D436E97B-19C6-4B16-91B4-10435013CD22}.Release|Any CPU.ActiveCfg = Release|Any CPU
		{D436E97B-19C6-4B16-91B4-10435013CD22}.Release|Any CPU.Build.0 = Release|Any CPU
		{C7368234-8B60-4D59-9F22-F776163329C3}.Debug|Any CPU.ActiveCfg = Debug|Any CPU
		{C7368234-8B60-4D59-9F22-F776163329C3}.Debug|Any CPU.Build.0 = Debug|Any CPU
		{C7368234-8B60-4D59-9F22-F776163329C3}.Release|Any CPU.ActiveCfg = Release|Any CPU
		{C7368234-8B60-4D59-9F22-F776163329C3}.Release|Any CPU.Build.0 = Release|Any CPU
		{44A056FC-0995-468F-930B-3A82725BC174}.Debug|Any CPU.ActiveCfg = Debug|Any CPU
		{44A056FC-0995-468F-930B-3A82725BC174}.Debug|Any CPU.Build.0 = Debug|Any CPU
		{44A056FC-0995-468F-930B-3A82725BC174}.Release|Any CPU.ActiveCfg = Release|Any CPU
		{44A056FC-0995-468F-930B-3A82725BC174}.Release|Any CPU.Build.0 = Release|Any CPU
	EndGlobalSection
	GlobalSection(SolutionProperties) = preSolution
		HideSolutionNode = FALSE
	EndGlobalSection
	GlobalSection(ExtensibilityGlobals) = postSolution
		SolutionGuid = {D2E2C8B1-0652-4581-AF9A-7B14176FB7E4}
	EndGlobalSection
EndGlobal
